# This file is automatically @generated by Cargo.
# It is not intended for manual editing.
version = 4

[[package]]
name = "lib1"
version = "0.1.0"

[[package]]
name = "p1"
version = "0.1.0"
dependencies = [
 "lib1",
]

[[package]]
name = "p2"
version = "0.1.0"
dependencies = [
 "lib1",
 "p1",
]

[[package]]
name = "p3"
version = "0.1.0"
